# THIS IS AN AUTOGENERATED FILE. DO NOT EDIT THIS FILE DIRECTLY.
# yarn lockfile v1


"@types/jquery@*", "@types/jquery@^3.5":
  version "3.5.1"
  resolved "https://registry.yarnpkg.com/@types/jquery/-/jquery-3.5.1.tgz#cebb057acf5071c40e439f30e840c57a30d406c3"
  integrity sha512-Tyctjh56U7eX2b9udu3wG853ASYP0uagChJcQJXLUXEU6C/JiW5qt5dl8ao01VRj1i5pgXPAf8f1mq4+FDLRQg==
  dependencies:
    "@types/sizzle" "*"

"@types/jqueryui@^1.12.10":
  version "1.12.13"
  resolved "https://registry.yarnpkg.com/@types/jqueryui/-/jqueryui-1.12.13.tgz#1aa0507b4d1a75b03592d2126fbd6d2ea8e8c284"
  integrity sha512-IIOytTkwN6mBcJqi5SP8T8zqDGKy9hIpifQ0aGj1/ZjqshOoMo0yZdLp2uLIg7mQDJOwMCSC3EY1QZC/qZzvLQ==
  dependencies:
    "@types/jquery" "*"

"@types/sizzle@*":
  version "2.3.2"
  resolved "https://registry.yarnpkg.com/@types/sizzle/-/sizzle-2.3.2.tgz#a811b8c18e2babab7d542b3365887ae2e4d9de47"
  integrity sha512-7EJYyKTL7tFR8+gDbB6Wwz/arpGa0Mywk1TJbNzKzHtzbwVmY4HR9WqS5VV7dsBUKQmPNr192jHr/VpBluj/hg==

jquery-ui@^1.13.2:
  version "1.13.2"
  resolved "https://registry.yarnpkg.com/jquery-ui/-/jquery-ui-1.13.2.tgz#de03580ae6604773602f8d786ad1abfb75232034"
  integrity sha512-wBZPnqWs5GaYJmo1Jj0k/mrSkzdQzKDwhXNtHKcBdAcKVxMM3KNYFq+iJ2i1rwiG53Z8M4mTn3Qxrm17uH1D4Q==
  dependencies:
    jquery ">=1.8.0 <4.0.0"

"jquery@>=1.8.0 <4.0.0", jquery@^3.5.1:
  version "3.6.0"
  resolved "https://registry.yarnpkg.com/jquery/-/jquery-3.6.0.tgz#c72a09f15c1bdce142f49dbf1170bdf8adac2470"
  integrity sha512-JVzAR/AjBvVt2BmYhxRCSYysDsPcssdmTFnzyLEts9qNwmjmu4JTAMYubEfwVOSwpQ1I1sKKFcxhZCI2buerfw==

typescript@^3.7.5:
  version "3.9.7"
  resolved "https://registry.yarnpkg.com/typescript/-/typescript-3.9.7.tgz#98d600a5ebdc38f40cb277522f12dc800e9e25fa"
  integrity sha512-BLbiRkiBzAwsjut4x/dsibSTB6yWpwT5qWmC2OfuCg3GgVQCSgMs4vEctYPhsaGtd0AeuuHMkjZ2h2WG8MSzRw==
